PODS:
  - CPKongTableView (0.1.0)
  - Masonry (1.1.0)

DEPENDENCIES:
  - CPKongTableView
  - Masonry

SPEC REPOS:
  trunk:
    - CPKongTableView
    - Masonry

SPEC CHECKSUMS:
  CPKongTableView: 6e2af59ccd20431eb2052551de20287efc37b485
  Masonry: 678fab65091a9290e40e2832a55e7ab731aad201

PODFILE CHECKSUM: 135bd57e90ee95c99d849ee2ae0fa00fed322b38

COCOAPODS: 1.9.3
