PODS:
  - CPKongTableView (0.1.0)
  - Masonry (1.1.0)

DEPENDENCIES:
  - CPKongTableView (from `CPBase/CPKongTableView`)
  - Masonry

SPEC REPOS:
  trunk:
    - Masonry

EXTERNAL SOURCES:
  CPKongTableView:
    :path: CPBase/CPKongTableView

SPEC CHECKSUMS:
  CPKongTableView: 115617c5717a6d40c29b5cac27768ddb240ead0f
  Masonry: 678fab65091a9290e40e2832a55e7ab731aad201

PODFILE CHECKSUM: 54d6abe22ec804fc1c71ca40f96bf26b7633229e

COCOAPODS: 1.9.3
