// !$*UTF8*$!
{
	archiveVersion = 1;
	classes = {
	};
	objectVersion = 50;
	objects = {

/* Begin PBXBuildFile section */
		005960D1FB6314E5C8CD3FDE /* Pods_CPDemo_CPDemoUITests.framework in Frameworks */ = {isa = PBXBuildFile; fileRef = AEF34F56745E655C3EF3D67E /* Pods_CPDemo_CPDemoUITests.framework */; };
		475AC5E86FE918A92216B2EE /* Pods_CPDemo.framework in Frameworks */ = {isa = PBXBuildFile; fileRef = 1FFC86F4C2C2C223D4AE2669 /* Pods_CPDemo.framework */; };
		6535C28C24B33FA70038B6D6 /* AppDelegate.m in Sources */ = {isa = PBXBuildFile; fileRef = 6535C28B24B33FA70038B6D6 /* AppDelegate.m */; };
		6535C28F24B33FA70038B6D6 /* SceneDelegate.m in Sources */ = {isa = PBXBuildFile; fileRef = 6535C28E24B33FA70038B6D6 /* SceneDelegate.m */; };
		6535C29224B33FA70038B6D6 /* ViewController.m in Sources */ = {isa = PBXBuildFile; fileRef = 6535C29124B33FA70038B6D6 /* ViewController.m */; };
		6535C29524B33FA70038B6D6 /* Main.storyboard in Resources */ = {isa = PBXBuildFile; fileRef = 6535C29324B33FA70038B6D6 /* Main.storyboard */; };
		6535C29724B33FA90038B6D6 /* Assets.xcassets in Resources */ = {isa = PBXBuildFile; fileRef = 6535C29624B33FA90038B6D6 /* Assets.xcassets */; };
		6535C29A24B33FA90038B6D6 /* LaunchScreen.storyboard in Resources */ = {isa = PBXBuildFile; fileRef = 6535C29824B33FA90038B6D6 /* LaunchScreen.storyboard */; };
		6535C29D24B33FA90038B6D6 /* main.m in Sources */ = {isa = PBXBuildFile; fileRef = 6535C29C24B33FA90038B6D6 /* main.m */; };
		6535C2A724B33FA90038B6D6 /* CPDemoTests.m in Sources */ = {isa = PBXBuildFile; fileRef = 6535C2A624B33FA90038B6D6 /* CPDemoTests.m */; };
		6535C2B224B33FA90038B6D6 /* CPDemoUITests.m in Sources */ = {isa = PBXBuildFile; fileRef = 6535C2B124B33FA90038B6D6 /* CPDemoUITests.m */; };
		B72A8E32BE192D8048FD3A68 /* Pods_CPDemoTests.framework in Frameworks */ = {isa = PBXBuildFile; fileRef = 2A341B985CF213FB70665D5F /* Pods_CPDemoTests.framework */; };
/* End PBXBuildFile section */

/* Begin PBXContainerItemProxy section */
		6535C2A324B33FA90038B6D6 /* PBXContainerItemProxy */ = {
			isa = PBXContainerItemProxy;
			containerPortal = 6535C27F24B33FA60038B6D6 /* Project object */;
			proxyType = 1;
			remoteGlobalIDString = 6535C28624B33FA60038B6D6;
			remoteInfo = CPDemo;
		};
		6535C2AE24B33FA90038B6D6 /* PBXContainerItemProxy */ = {
			isa = PBXContainerItemProxy;
			containerPortal = 6535C27F24B33FA60038B6D6 /* Project object */;
			proxyType = 1;
			remoteGlobalIDString = 6535C28624B33FA60038B6D6;
			remoteInfo = CPDemo;
		};
/* End PBXContainerItemProxy section */

/* Begin PBXFileReference section */
		02AB6E73D0C68E80B0892E38 /* Pods-CPDemo-CPDemoUITests.debug.xcconfig */ = {isa = PBXFileReference; includeInIndex = 1; lastKnownFileType = text.xcconfig; name = "Pods-CPDemo-CPDemoUITests.debug.xcconfig"; path = "Target Support Files/Pods-CPDemo-CPDemoUITests/Pods-CPDemo-CPDemoUITests.debug.xcconfig"; sourceTree = "<group>"; };
		174FE96D51F3797C30CF5659 /* Pods-CPDemoTests.debug.xcconfig */ = {isa = PBXFileReference; includeInIndex = 1; lastKnownFileType = text.xcconfig; name = "Pods-CPDemoTests.debug.xcconfig"; path = "Target Support Files/Pods-CPDemoTests/Pods-CPDemoTests.debug.xcconfig"; sourceTree = "<group>"; };
		1FFC86F4C2C2C223D4AE2669 /* Pods_CPDemo.framework */ = {isa = PBXFileReference; explicitFileType = wrapper.framework; includeInIndex = 0; path = Pods_CPDemo.framework; sourceTree = BUILT_PRODUCTS_DIR; };
		2A341B985CF213FB70665D5F /* Pods_CPDemoTests.framework */ = {isa = PBXFileReference; explicitFileType = wrapper.framework; includeInIndex = 0; path = Pods_CPDemoTests.framework; sourceTree = BUILT_PRODUCTS_DIR; };
		622F5AA8AA826E80961B3FF7 /* Pods-CPDemo.release.xcconfig */ = {isa = PBXFileReference; includeInIndex = 1; lastKnownFileType = text.xcconfig; name = "Pods-CPDemo.release.xcconfig"; path = "Target Support Files/Pods-CPDemo/Pods-CPDemo.release.xcconfig"; sourceTree = "<group>"; };
		6535C28724B33FA60038B6D6 /* CPDemo.app */ = {isa = PBXFileReference; explicitFileType = wrapper.application; includeInIndex = 0; path = CPDemo.app; sourceTree = BUILT_PRODUCTS_DIR; };
		6535C28A24B33FA70038B6D6 /* AppDelegate.h */ = {isa = PBXFileReference; lastKnownFileType = sourcecode.c.h; path = AppDelegate.h; sourceTree = "<group>"; };
		6535C28B24B33FA70038B6D6 /* AppDelegate.m */ = {isa = PBXFileReference; lastKnownFileType = sourcecode.c.objc; path = AppDelegate.m; sourceTree = "<group>"; };
		6535C28D24B33FA70038B6D6 /* SceneDelegate.h */ = {isa = PBXFileReference; lastKnownFileType = sourcecode.c.h; path = SceneDelegate.h; sourceTree = "<group>"; };
		6535C28E24B33FA70038B6D6 /* SceneDelegate.m */ = {isa = PBXFileReference; lastKnownFileType = sourcecode.c.objc; path = SceneDelegate.m; sourceTree = "<group>"; };
		6535C29024B33FA70038B6D6 /* ViewController.h */ = {isa = PBXFileReference; lastKnownFileType = sourcecode.c.h; path = ViewController.h; sourceTree = "<group>"; };
		6535C29124B33FA70038B6D6 /* ViewController.m */ = {isa = PBXFileReference; lastKnownFileType = sourcecode.c.objc; path = ViewController.m; sourceTree = "<group>"; };
		6535C29424B33FA70038B6D6 /* Base */ = {isa = PBXFileReference; lastKnownFileType = file.storyboard; name = Base; path = Base.lproj/Main.storyboard; sourceTree = "<group>"; };
		6535C29624B33FA90038B6D6 /* Assets.xcassets */ = {isa = PBXFileReference; lastKnownFileType = folder.assetcatalog; path = Assets.xcassets; sourceTree = "<group>"; };
		6535C29924B33FA90038B6D6 /* Base */ = {isa = PBXFileReference; lastKnownFileType = file.storyboard; name = Base; path = Base.lproj/LaunchScreen.storyboard; sourceTree = "<group>"; };
		6535C29B24B33FA90038B6D6 /* Info.plist */ = {isa = PBXFileReference; lastKnownFileType = text.plist.xml; path = Info.plist; sourceTree = "<group>"; };
		6535C29C24B33FA90038B6D6 /* main.m */ = {isa = PBXFileReference; lastKnownFileType = sourcecode.c.objc; path = main.m; sourceTree = "<group>"; };
		6535C2A224B33FA90038B6D6 /* CPDemoTests.xctest */ = {isa = PBXFileReference; explicitFileType = wrapper.cfbundle; includeInIndex = 0; path = CPDemoTests.xctest; sourceTree = BUILT_PRODUCTS_DIR; };
		6535C2A624B33FA90038B6D6 /* CPDemoTests.m */ = {isa = PBXFileReference; lastKnownFileType = sourcecode.c.objc; path = CPDemoTests.m; sourceTree = "<group>"; };
		6535C2A824B33FA90038B6D6 /* Info.plist */ = {isa = PBXFileReference; lastKnownFileType = text.plist.xml; path = Info.plist; sourceTree = "<group>"; };
		6535C2AD24B33FA90038B6D6 /* CPDemoUITests.xctest */ = {isa = PBXFileReference; explicitFileType = wrapper.cfbundle; includeInIndex = 0; path = CPDemoUITests.xctest; sourceTree = BUILT_PRODUCTS_DIR; };
		6535C2B124B33FA90038B6D6 /* CPDemoUITests.m */ = {isa = PBXFileReference; lastKnownFileType = sourcecode.c.objc; path = CPDemoUITests.m; sourceTree = "<group>"; };
		6535C2B324B33FA90038B6D6 /* Info.plist */ = {isa = PBXFileReference; lastKnownFileType = text.plist.xml; path = Info.plist; sourceTree = "<group>"; };
		7ADE9E4D699B6AAA5FE5DCAA /* Pods-CPDemo.debug.xcconfig */ = {isa = PBXFileReference; includeInIndex = 1; lastKnownFileType = text.xcconfig; name = "Pods-CPDemo.debug.xcconfig"; path = "Target Support Files/Pods-CPDemo/Pods-CPDemo.debug.xcconfig"; sourceTree = "<group>"; };
		AEF34F56745E655C3EF3D67E /* Pods_CPDemo_CPDemoUITests.framework */ = {isa = PBXFileReference; explicitFileType = wrapper.framework; includeInIndex = 0; path = Pods_CPDemo_CPDemoUITests.framework; sourceTree = BUILT_PRODUCTS_DIR; };
		B0D396301AE40BE7CF40E60D /* Pods-CPDemo-CPDemoUITests.release.xcconfig */ = {isa = PBXFileReference; includeInIndex = 1; lastKnownFileType = text.xcconfig; name = "Pods-CPDemo-CPDemoUITests.release.xcconfig"; path = "Target Support Files/Pods-CPDemo-CPDemoUITests/Pods-CPDemo-CPDemoUITests.release.xcconfig"; sourceTree = "<group>"; };
		BB637D73DB7BEE5C1C3EDF53 /* Pods-CPDemoTests.release.xcconfig */ = {isa = PBXFileReference; includeInIndex = 1; lastKnownFileType = text.xcconfig; name = "Pods-CPDemoTests.release.xcconfig"; path = "Target Support Files/Pods-CPDemoTests/Pods-CPDemoTests.release.xcconfig"; sourceTree = "<group>"; };
/* End PBXFileReference section */

/* Begin PBXFrameworksBuildPhase section */
		6535C28424B33FA60038B6D6 /* Frameworks */ = {
			isa = PBXFrameworksBuildPhase;
			buildActionMask = 2147483647;
			files = (
				475AC5E86FE918A92216B2EE /* Pods_CPDemo.framework in Frameworks */,
			);
			runOnlyForDeploymentPostprocessing = 0;
		};
		6535C29F24B33FA90038B6D6 /* Frameworks */ = {
			isa = PBXFrameworksBuildPhase;
			buildActionMask = 2147483647;
			files = (
				B72A8E32BE192D8048FD3A68 /* Pods_CPDemoTests.framework in Frameworks */,
			);
			runOnlyForDeploymentPostprocessing = 0;
		};
		6535C2AA24B33FA90038B6D6 /* Frameworks */ = {
			isa = PBXFrameworksBuildPhase;
			buildActionMask = 2147483647;
			files = (
				005960D1FB6314E5C8CD3FDE /* Pods_CPDemo_CPDemoUITests.framework in Frameworks */,
			);
			runOnlyForDeploymentPostprocessing = 0;
		};
/* End PBXFrameworksBuildPhase section */

/* Begin PBXGroup section */
		0F97F05FA941EA06496155F5 /* Pods */ = {
			isa = PBXGroup;
			children = (
				7ADE9E4D699B6AAA5FE5DCAA /* Pods-CPDemo.debug.xcconfig */,
				622F5AA8AA826E80961B3FF7 /* Pods-CPDemo.release.xcconfig */,
				02AB6E73D0C68E80B0892E38 /* Pods-CPDemo-CPDemoUITests.debug.xcconfig */,
				B0D396301AE40BE7CF40E60D /* Pods-CPDemo-CPDemoUITests.release.xcconfig */,
				174FE96D51F3797C30CF5659 /* Pods-CPDemoTests.debug.xcconfig */,
				BB637D73DB7BEE5C1C3EDF53 /* Pods-CPDemoTests.release.xcconfig */,
			);
			name = Pods;
			path = Pods;
			sourceTree = "<group>";
		};
		6535C27E24B33FA60038B6D6 = {
			isa = PBXGroup;
			children = (
				6535C28924B33FA60038B6D6 /* CPDemo */,
				6535C2A524B33FA90038B6D6 /* CPDemoTests */,
				6535C2B024B33FA90038B6D6 /* CPDemoUITests */,
				6535C28824B33FA60038B6D6 /* Products */,
				0F97F05FA941EA06496155F5 /* Pods */,
				8FD8410045E541803F2073FE /* Frameworks */,
			);
			sourceTree = "<group>";
		};
		6535C28824B33FA60038B6D6 /* Products */ = {
			isa = PBXGroup;
			children = (
				6535C28724B33FA60038B6D6 /* CPDemo.app */,
				6535C2A224B33FA90038B6D6 /* CPDemoTests.xctest */,
				6535C2AD24B33FA90038B6D6 /* CPDemoUITests.xctest */,
			);
			name = Products;
			sourceTree = "<group>";
		};
		6535C28924B33FA60038B6D6 /* CPDemo */ = {
			isa = PBXGroup;
			children = (
				6535C28A24B33FA70038B6D6 /* AppDelegate.h */,
				6535C28B24B33FA70038B6D6 /* AppDelegate.m */,
				6535C28D24B33FA70038B6D6 /* SceneDelegate.h */,
				6535C28E24B33FA70038B6D6 /* SceneDelegate.m */,
				6535C29024B33FA70038B6D6 /* ViewController.h */,
				6535C29124B33FA70038B6D6 /* ViewController.m */,
				6535C29324B33FA70038B6D6 /* Main.storyboard */,
				6535C29624B33FA90038B6D6 /* Assets.xcassets */,
				6535C29824B33FA90038B6D6 /* LaunchScreen.storyboard */,
				6535C29B24B33FA90038B6D6 /* Info.plist */,
				6535C29C24B33FA90038B6D6 /* main.m */,
			);
			path = CPDemo;
			sourceTree = "<group>";
		};
		6535C2A524B33FA90038B6D6 /* CPDemoTests */ = {
			isa = PBXGroup;
			children = (
				6535C2A624B33FA90038B6D6 /* CPDemoTests.m */,
				6535C2A824B33FA90038B6D6 /* Info.plist */,
			);
			path = CPDemoTests;
			sourceTree = "<group>";
		};
		6535C2B024B33FA90038B6D6 /* CPDemoUITests */ = {
			isa = PBXGroup;
			children = (
				6535C2B124B33FA90038B6D6 /* CPDemoUITests.m */,
				6535C2B324B33FA90038B6D6 /* Info.plist */,
			);
			path = CPDemoUITests;
			sourceTree = "<group>";
		};
		8FD8410045E541803F2073FE /* Frameworks */ = {
			isa = PBXGroup;
			children = (
				1FFC86F4C2C2C223D4AE2669 /* Pods_CPDemo.framework */,
				AEF34F56745E655C3EF3D67E /* Pods_CPDemo_CPDemoUITests.framework */,
				2A341B985CF213FB70665D5F /* Pods_CPDemoTests.framework */,
			);
			name = Frameworks;
			sourceTree = "<group>";
		};
/* End PBXGroup section */

/* Begin PBXNativeTarget section */
		6535C28624B33FA60038B6D6 /* CPDemo */ = {
			isa = PBXNativeTarget;
			buildConfigurationList = 6535C2B624B33FA90038B6D6 /* Build configuration list for PBXNativeTarget "CPDemo" */;
			buildPhases = (
				DAC7FED3CECC6096C0585A5F /* [CP] Check Pods Manifest.lock */,
				6535C28324B33FA60038B6D6 /* Sources */,
				6535C28424B33FA60038B6D6 /* Frameworks */,
				6535C28524B33FA60038B6D6 /* Resources */,
			);
			buildRules = (
			);
			dependencies = (
			);
			name = CPDemo;
			productName = CPDemo;
			productReference = 6535C28724B33FA60038B6D6 /* CPDemo.app */;
			productType = "com.apple.product-type.application";
		};
		6535C2A124B33FA90038B6D6 /* CPDemoTests */ = {
			isa = PBXNativeTarget;
			buildConfigurationList = 6535C2B924B33FA90038B6D6 /* Build configuration list for PBXNativeTarget "CPDemoTests" */;
			buildPhases = (
				9E480DCDB0D32077DA3ECC59 /* [CP] Check Pods Manifest.lock */,
				6535C29E24B33FA90038B6D6 /* Sources */,
				6535C29F24B33FA90038B6D6 /* Frameworks */,
				6535C2A024B33FA90038B6D6 /* Resources */,
				26E9E366CB9F627EFB7846F4 /* [CP] Embed Pods Frameworks */,
			);
			buildRules = (
			);
			dependencies = (
				6535C2A424B33FA90038B6D6 /* PBXTargetDependency */,
			);
			name = CPDemoTests;
			productName = CPDemoTests;
			productReference = 6535C2A224B33FA90038B6D6 /* CPDemoTests.xctest */;
			productType = "com.apple.product-type.bundle.unit-test";
		};
		6535C2AC24B33FA90038B6D6 /* CPDemoUITests */ = {
			isa = PBXNativeTarget;
			buildConfigurationList = 6535C2BC24B33FA90038B6D6 /* Build configuration list for PBXNativeTarget "CPDemoUITests" */;
			buildPhases = (
				C4A0FAAD67476325E36BA7C0 /* [CP] Check Pods Manifest.lock */,
				6535C2A924B33FA90038B6D6 /* Sources */,
				6535C2AA24B33FA90038B6D6 /* Frameworks */,
				6535C2AB24B33FA90038B6D6 /* Resources */,
			);
			buildRules = (
			);
			dependencies = (
				6535C2AF24B33FA90038B6D6 /* PBXTargetDependency */,
			);
			name = CPDemoUITests;
			productName = CPDemoUITests;
			productReference = 6535C2AD24B33FA90038B6D6 /* CPDemoUITests.xctest */;
			productType = "com.apple.product-type.bundle.ui-testing";
		};
/* End PBXNativeTarget section */

/* Begin PBXProject section */
		6535C27F24B33FA60038B6D6 /* Project object */ = {
			isa = PBXProject;
			attributes = {
				LastUpgradeCheck = 1150;
				ORGANIZATIONNAME = "陈超";
				TargetAttributes = {
					6535C28624B33FA60038B6D6 = {
						CreatedOnToolsVersion = 11.5;
					};
					6535C2A124B33FA90038B6D6 = {
						CreatedOnToolsVersion = 11.5;
						TestTargetID = 6535C28624B33FA60038B6D6;
					};
					6535C2AC24B33FA90038B6D6 = {
						CreatedOnToolsVersion = 11.5;
						TestTargetID = 6535C28624B33FA60038B6D6;
					};
				};
			};
			buildConfigurationList = 6535C28224B33FA60038B6D6 /* Build configuration list for PBXProject "CPDemo" */;
			compatibilityVersion = "Xcode 9.3";
			developmentRegion = en;
			hasScannedForEncodings = 0;
			knownRegions = (
				en,
				Base,
			);
			mainGroup = 6535C27E24B33FA60038B6D6;
			productRefGroup = 6535C28824B33FA60038B6D6 /* Products */;
			projectDirPath = "";
			projectRoot = "";
			targets = (
				6535C28624B33FA60038B6D6 /* CPDemo */,
				6535C2A124B33FA90038B6D6 /* CPDemoTests */,
				6535C2AC24B33FA90038B6D6 /* CPDemoUITests */,
			);
		};
/* End PBXProject section */

/* Begin PBXResourcesBuildPhase section */
		6535C28524B33FA60038B6D6 /* Resources */ = {
			isa = PBXResourcesBuildPhase;
			buildActionMask = 2147483647;
			files = (
				6535C29A24B33FA90038B6D6 /* LaunchScreen.storyboard in Resources */,
				6535C29724B33FA90038B6D6 /* Assets.xcassets in Resources */,
				6535C29524B33FA70038B6D6 /* Main.storyboard in Resources */,
			);
			runOnlyForDeploymentPostprocessing = 0;
		};
		6535C2A024B33FA90038B6D6 /* Resources */ = {
			isa = PBXResourcesBuildPhase;
			buildActionMask = 2147483647;
			files = (
			);
			runOnlyForDeploymentPostprocessing = 0;
		};
		6535C2AB24B33FA90038B6D6 /* Resources */ = {
			isa = PBXResourcesBuildPhase;
			buildActionMask = 2147483647;
			files = (
			);
			runOnlyForDeploymentPostprocessing = 0;
		};
/* End PBXResourcesBuildPhase section */

/* Begin PBXShellScriptBuildPhase section */
		26E9E366CB9F627EFB7846F4 /* [CP] Embed Pods Frameworks */ = {
			isa = PBXShellScriptBuildPhase;
			buildActionMask = 2147483647;
			files = (
			);
			inputFileListPaths = (
				"${PODS_ROOT}/Target Support Files/Pods-CPDemoTests/Pods-CPDemoTests-frameworks-${CONFIGURATION}-input-files.xcfilelist",
			);
			name = "[CP] Embed Pods Frameworks";
			outputFileListPaths = (
				"${PODS_ROOT}/Target Support Files/Pods-CPDemoTests/Pods-CPDemoTests-frameworks-${CONFIGURATION}-output-files.xcfilelist",
			);
			runOnlyForDeploymentPostprocessing = 0;
			shellPath = /bin/sh;
			shellScript = "\"${PODS_ROOT}/Target Support Files/Pods-CPDemoTests/Pods-CPDemoTests-frameworks.sh\"\n";
			showEnvVarsInLog = 0;
		};
		9E480DCDB0D32077DA3ECC59 /* [CP] Check Pods Manifest.lock */ = {
			isa = PBXShellScriptBuildPhase;
			buildActionMask = 2147483647;
			files = (
			);
			inputFileListPaths = (
			);
			inputPaths = (
				"${PODS_PODFILE_DIR_PATH}/Podfile.lock",
				"${PODS_ROOT}/Manifest.lock",
			);
			name = "[CP] Check Pods Manifest.lock";
			outputFileListPaths = (
			);
			outputPaths = (
				"$(DERIVED_FILE_DIR)/Pods-CPDemoTests-checkManifestLockResult.txt",
			);
			runOnlyForDeploymentPostprocessing = 0;
			shellPath = /bin/sh;
			shellScript = "diff \"${PODS_PODFILE_DIR_PATH}/Podfile.lock\" \"${PODS_ROOT}/Manifest.lock\" > /dev/null\nif [ $? != 0 ] ; then\n    # print error to STDERR\n    echo \"error: The sandbox is not in sync with the Podfile.lock. Run 'pod install' or update your CocoaPods installation.\" >&2\n    exit 1\nfi\n# This output is used by Xcode 'outputs' to avoid re-running this script phase.\necho \"SUCCESS\" > \"${SCRIPT_OUTPUT_FILE_0}\"\n";
			showEnvVarsInLog = 0;
		};
		C4A0FAAD67476325E36BA7C0 /* [CP] Check Pods Manifest.lock */ = {
			isa = PBXShellScriptBuildPhase;
			buildActionMask = 2147483647;
			files = (
			);
			inputFileListPaths = (
			);
			inputPaths = (
				"${PODS_PODFILE_DIR_PATH}/Podfile.lock",
				"${PODS_ROOT}/Manifest.lock",
			);
			name = "[CP] Check Pods Manifest.lock";
			outputFileListPaths = (
			);
			outputPaths = (
				"$(DERIVED_FILE_DIR)/Pods-CPDemo-CPDemoUITests-checkManifestLockResult.txt",
			);
			runOnlyForDeploymentPostprocessing = 0;
			shellPath = /bin/sh;
			shellScript = "diff \"${PODS_PODFILE_DIR_PATH}/Podfile.lock\" \"${PODS_ROOT}/Manifest.lock\" > /dev/null\nif [ $? != 0 ] ; then\n    # print error to STDERR\n    echo \"error: The sandbox is not in sync with the Podfile.lock. Run 'pod install' or update your CocoaPods installation.\" >&2\n    exit 1\nfi\n# This output is used by Xcode 'outputs' to avoid re-running this script phase.\necho \"SUCCESS\" > \"${SCRIPT_OUTPUT_FILE_0}\"\n";
			showEnvVarsInLog = 0;
		};
		DAC7FED3CECC6096C0585A5F /* [CP] Check Pods Manifest.lock */ = {
			isa = PBXShellScriptBuildPhase;
			buildActionMask = 2147483647;
			files = (
			);
			inputFileListPaths = (
			);
			inputPaths = (
				"${PODS_PODFILE_DIR_PATH}/Podfile.lock",
				"${PODS_ROOT}/Manifest.lock",
			);
			name = "[CP] Check Pods Manifest.lock";
			outputFileListPaths = (
			);
			outputPaths = (
				"$(DERIVED_FILE_DIR)/Pods-CPDemo-checkManifestLockResult.txt",
			);
			runOnlyForDeploymentPostprocessing = 0;
			shellPath = /bin/sh;
			shellScript = "diff \"${PODS_PODFILE_DIR_PATH}/Podfile.lock\" \"${PODS_ROOT}/Manifest.lock\" > /dev/null\nif [ $? != 0 ] ; then\n    # print error to STDERR\n    echo \"error: The sandbox is not in sync with the Podfile.lock. Run 'pod install' or update your CocoaPods installation.\" >&2\n    exit 1\nfi\n# This output is used by Xcode 'outputs' to avoid re-running this script phase.\necho \"SUCCESS\" > \"${SCRIPT_OUTPUT_FILE_0}\"\n";
			showEnvVarsInLog = 0;
		};
/* End PBXShellScriptBuildPhase section */

/* Begin PBXSourcesBuildPhase section */
		6535C28324B33FA60038B6D6 /* Sources */ = {
			isa = PBXSourcesBuildPhase;
			buildActionMask = 2147483647;
			files = (
				6535C29224B33FA70038B6D6 /* ViewController.m in Sources */,
				6535C28C24B33FA70038B6D6 /* AppDelegate.m in Sources */,
				6535C29D24B33FA90038B6D6 /* main.m in Sources */,
				6535C28F24B33FA70038B6D6 /* SceneDelegate.m in Sources */,
			);
			runOnlyForDeploymentPostprocessing = 0;
		};
		6535C29E24B33FA90038B6D6 /* Sources */ = {
			isa = PBXSourcesBuildPhase;
			buildActionMask = 2147483647;
			files = (
				6535C2A724B33FA90038B6D6 /* CPDemoTests.m in Sources */,
			);
			runOnlyForDeploymentPostprocessing = 0;
		};
		6535C2A924B33FA90038B6D6 /* Sources */ = {
			isa = PBXSourcesBuildPhase;
			buildActionMask = 2147483647;
			files = (
				6535C2B224B33FA90038B6D6 /* CPDemoUITests.m in Sources */,
			);
			runOnlyForDeploymentPostprocessing = 0;
		};
/* End PBXSourcesBuildPhase section */

/* Begin PBXTargetDependency section */
		6535C2A424B33FA90038B6D6 /* PBXTargetDependency */ = {
			isa = PBXTargetDependency;
			target = 6535C28624B33FA60038B6D6 /* CPDemo */;
			targetProxy = 6535C2A324B33FA90038B6D6 /* PBXContainerItemProxy */;
		};
		6535C2AF24B33FA90038B6D6 /* PBXTargetDependency */ = {
			isa = PBXTargetDependency;
			target = 6535C28624B33FA60038B6D6 /* CPDemo */;
			targetProxy = 6535C2AE24B33FA90038B6D6 /* PBXContainerItemProxy */;
		};
/* End PBXTargetDependency section */

/* Begin PBXVariantGroup section */
		6535C29324B33FA70038B6D6 /* Main.storyboard */ = {
			isa = PBXVariantGroup;
			children = (
				6535C29424B33FA70038B6D6 /* Base */,
			);
			name = Main.storyboard;
			sourceTree = "<group>";
		};
		6535C29824B33FA90038B6D6 /* LaunchScreen.storyboard */ = {
			isa = PBXVariantGroup;
			children = (
				6535C29924B33FA90038B6D6 /* Base */,
			);
			name = LaunchScreen.storyboard;
			sourceTree = "<group>";
		};
/* End PBXVariantGroup section */

/* Begin XCBuildConfiguration section */
		6535C2B424B33FA90038B6D6 /* Debug */ = {
			isa = XCBuildConfiguration;
			buildSettings = {
				ALWAYS_SEARCH_USER_PATHS = NO;
				CLANG_ANALYZER_NONNULL = YES;
				CLANG_ANALYZER_NUMBER_OBJECT_CONVERSION = YES_AGGRESSIVE;
				CLANG_CXX_LANGUAGE_STANDARD = "gnu++14";
				CLANG_CXX_LIBRARY = "libc++";
				CLANG_ENABLE_MODULES = YES;
				CLANG_ENABLE_OBJC_ARC = YES;
				CLANG_ENABLE_OBJC_WEAK = YES;
				CLANG_WARN_BLOCK_CAPTURE_AUTORELEASING = YES;
				CLANG_WARN_BOOL_CONVERSION = YES;
				CLANG_WARN_COMMA = YES;
				CLANG_WARN_CONSTANT_CONVERSION = YES;
				CLANG_WARN_DEPRECATED_OBJC_IMPLEMENTATIONS = YES;
				CLANG_WARN_DIRECT_OBJC_ISA_USAGE = YES_ERROR;
				CLANG_WARN_DOCUMENTATION_COMMENTS = YES;
				CLANG_WARN_EMPTY_BODY = YES;
				CLANG_WARN_ENUM_CONVERSION = YES;
				CLANG_WARN_INFINITE_RECURSION = YES;
				CLANG_WARN_INT_CONVERSION = YES;
				CLANG_WARN_NON_LITERAL_NULL_CONVERSION = YES;
				CLANG_WARN_OBJC_IMPLICIT_RETAIN_SELF = YES;
				CLANG_WARN_OBJC_LITERAL_CONVERSION = YES;
				CLANG_WARN_OBJC_ROOT_CLASS = YES_ERROR;
				CLANG_WARN_RANGE_LOOP_ANALYSIS = YES;
				CLANG_WARN_STRICT_PROTOTYPES = YES;
				CLANG_WARN_SUSPICIOUS_MOVE = YES;
				CLANG_WARN_UNGUARDED_AVAILABILITY = YES_AGGRESSIVE;
				CLANG_WARN_UNREACHABLE_CODE = YES;
				CLANG_WARN__DUPLICATE_METHOD_MATCH = YES;
				COPY_PHASE_STRIP = NO;
				DEBUG_INFORMATION_FORMAT = dwarf;
				ENABLE_STRICT_OBJC_MSGSEND = YES;
				ENABLE_TESTABILITY = YES;
				GCC_C_LANGUAGE_STANDARD = gnu11;
				GCC_DYNAMIC_NO_PIC = NO;
				GCC_NO_COMMON_BLOCKS = YES;
				GCC_OPTIMIZATION_LEVEL = 0;
				GCC_PREPROCESSOR_DEFINITIONS = (
					"DEBUG=1",
					"$(inherited)",
				);
				GCC_WARN_64_TO_32_BIT_CONVERSION = YES;
				GCC_WARN_ABOUT_RETURN_TYPE = YES_ERROR;
				GCC_WARN_UNDECLARED_SELECTOR = YES;
				GCC_WARN_UNINITIALIZED_AUTOS = YES_AGGRESSIVE;
				GCC_WARN_UNUSED_FUNCTION = YES;
				GCC_WARN_UNUSED_VARIABLE = YES;
				IPHONEOS_DEPLOYMENT_TARGET = 13.5;
				MTL_ENABLE_DEBUG_INFO = INCLUDE_SOURCE;
				MTL_FAST_MATH = YES;
				ONLY_ACTIVE_ARCH = YES;
				SDKROOT = iphoneos;
			};
			name = Debug;
		};
		6535C2B524B33FA90038B6D6 /* Release */ = {
			isa = XCBuildConfiguration;
			buildSettings = {
				ALWAYS_SEARCH_USER_PATHS = NO;
				CLANG_ANALYZER_NONNULL = YES;
				CLANG_ANALYZER_NUMBER_OBJECT_CONVERSION = YES_AGGRESSIVE;
				CLANG_CXX_LANGUAGE_STANDARD = "gnu++14";
				CLANG_CXX_LIBRARY = "libc++";
				CLANG_ENABLE_MODULES = YES;
				CLANG_ENABLE_OBJC_ARC = YES;
				CLANG_ENABLE_OBJC_WEAK = YES;
				CLANG_WARN_BLOCK_CAPTURE_AUTORELEASING = YES;
				CLANG_WARN_BOOL_CONVERSION = YES;
				CLANG_WARN_COMMA = YES;
				CLANG_WARN_CONSTANT_CONVERSION = YES;
				CLANG_WARN_DEPRECATED_OBJC_IMPLEMENTATIONS = YES;
				CLANG_WARN_DIRECT_OBJC_ISA_USAGE = YES_ERROR;
				CLANG_WARN_DOCUMENTATION_COMMENTS = YES;
				CLANG_WARN_EMPTY_BODY = YES;
				CLANG_WARN_ENUM_CONVERSION = YES;
				CLANG_WARN_INFINITE_RECURSION = YES;
				CLANG_WARN_INT_CONVERSION = YES;
				CLANG_WARN_NON_LITERAL_NULL_CONVERSION = YES;
				CLANG_WARN_OBJC_IMPLICIT_RETAIN_SELF = YES;
				CLANG_WARN_OBJC_LITERAL_CONVERSION = YES;
				CLANG_WARN_OBJC_ROOT_CLASS = YES_ERROR;
				CLANG_WARN_RANGE_LOOP_ANALYSIS = YES;
				CLANG_WARN_STRICT_PROTOTYPES = YES;
				CLANG_WARN_SUSPICIOUS_MOVE = YES;
				CLANG_WARN_UNGUARDED_AVAILABILITY = YES_AGGRESSIVE;
				CLANG_WARN_UNREACHABLE_CODE = YES;
				CLANG_WARN__DUPLICATE_METHOD_MATCH = YES;
				COPY_PHASE_STRIP = NO;
				DEBUG_INFORMATION_FORMAT = "dwarf-with-dsym";
				ENABLE_NS_ASSERTIONS = NO;
				ENABLE_STRICT_OBJC_MSGSEND = YES;
				GCC_C_LANGUAGE_STANDARD = gnu11;
				GCC_NO_COMMON_BLOCKS = YES;
				GCC_WARN_64_TO_32_BIT_CONVERSION = YES;
				GCC_WARN_ABOUT_RETURN_TYPE = YES_ERROR;
				GCC_WARN_UNDECLARED_SELECTOR = YES;
				GCC_WARN_UNINITIALIZED_AUTOS = YES_AGGRESSIVE;
				GCC_WARN_UNUSED_FUNCTION = YES;
				GCC_WARN_UNUSED_VARIABLE = YES;
				IPHONEOS_DEPLOYMENT_TARGET = 13.5;
				MTL_ENABLE_DEBUG_INFO = NO;
				MTL_FAST_MATH = YES;
				SDKROOT = iphoneos;
				VALIDATE_PRODUCT = YES;
			};
			name = Release;
		};
		6535C2B724B33FA90038B6D6 /* Debug */ = {
			isa = XCBuildConfiguration;
			baseConfigurationReference = 7ADE9E4D699B6AAA5FE5DCAA /* Pods-CPDemo.debug.xcconfig */;
			buildSettings = {
				ASSETCATALOG_COMPILER_APPICON_NAME = AppIcon;
				CODE_SIGN_STYLE = Automatic;
				INFOPLIST_FILE = CPDemo/Info.plist;
				LD_RUNPATH_SEARCH_PATHS = (
					"$(inherited)",
					"@executable_path/Frameworks",
				);
				PRODUCT_BUNDLE_IDENTIFIER = "-.CPDemo";
				PRODUCT_NAME = "$(TARGET_NAME)";
				TARGETED_DEVICE_FAMILY = "1,2";
			};
			name = Debug;
		};
		6535C2B824B33FA90038B6D6 /* Release */ = {
			isa = XCBuildConfiguration;
			baseConfigurationReference = 622F5AA8AA826E80961B3FF7 /* Pods-CPDemo.release.xcconfig */;
			buildSettings = {
				ASSETCATALOG_COMPILER_APPICON_NAME = AppIcon;
				CODE_SIGN_STYLE = Automatic;
				INFOPLIST_FILE = CPDemo/Info.plist;
				LD_RUNPATH_SEARCH_PATHS = (
					"$(inherited)",
					"@executable_path/Frameworks",
				);
				PRODUCT_BUNDLE_IDENTIFIER = "-.CPDemo";
				PRODUCT_NAME = "$(TARGET_NAME)";
				TARGETED_DEVICE_FAMILY = "1,2";
			};
			name = Release;
		};
		6535C2BA24B33FA90038B6D6 /* Debug */ = {
			isa = XCBuildConfiguration;
			baseConfigurationReference = 174FE96D51F3797C30CF5659 /* Pods-CPDemoTests.debug.xcconfig */;
			buildSettings = {
				BUNDLE_LOADER = "$(TEST_HOST)";
				CODE_SIGN_STYLE = Automatic;
				INFOPLIST_FILE = CPDemoTests/Info.plist;
				IPHONEOS_DEPLOYMENT_TARGET = 13.5;
				LD_RUNPATH_SEARCH_PATHS = (
					"$(inherited)",
					"@executable_path/Frameworks",
					"@loader_path/Frameworks",
				);
				PRODUCT_BUNDLE_IDENTIFIER = "-.CPDemoTests";
				PRODUCT_NAME = "$(TARGET_NAME)";
				TARGETED_DEVICE_FAMILY = "1,2";
				TEST_HOST = "$(BUILT_PRODUCTS_DIR)/CPDemo.app/CPDemo";
			};
			name = Debug;
		};
		6535C2BB24B33FA90038B6D6 /* Release */ = {
			isa = XCBuildConfiguration;
			baseConfigurationReference = BB637D73DB7BEE5C1C3EDF53 /* Pods-CPDemoTests.release.xcconfig */;
			buildSettings = {
				BUNDLE_LOADER = "$(TEST_HOST)";
				CODE_SIGN_STYLE = Automatic;
				INFOPLIST_FILE = CPDemoTests/Info.plist;
				IPHONEOS_DEPLOYMENT_TARGET = 13.5;
				LD_RUNPATH_SEARCH_PATHS = (
					"$(inherited)",
					"@executable_path/Frameworks",
					"@loader_path/Frameworks",
				);
				PRODUCT_BUNDLE_IDENTIFIER = "-.CPDemoTests";
				PRODUCT_NAME = "$(TARGET_NAME)";
				TARGETED_DEVICE_FAMILY = "1,2";
				TEST_HOST = "$(BUILT_PRODUCTS_DIR)/CPDemo.app/CPDemo";
			};
			name = Release;
		};
		6535C2BD24B33FA90038B6D6 /* Debug */ = {
			isa = XCBuildConfiguration;
			baseConfigurationReference = 02AB6E73D0C68E80B0892E38 /* Pods-CPDemo-CPDemoUITests.debug.xcconfig */;
			buildSettings = {
				CODE_SIGN_STYLE = Automatic;
				INFOPLIST_FILE = CPDemoUITests/Info.plist;
				LD_RUNPATH_SEARCH_PATHS = (
					"$(inherited)",
					"@executable_path/Frameworks",
					"@loader_path/Frameworks",
				);
				PRODUCT_BUNDLE_IDENTIFIER = "-.CPDemoUITests";
				PRODUCT_NAME = "$(TARGET_NAME)";
				TARGETED_DEVICE_FAMILY = "1,2";
				TEST_TARGET_NAME = CPDemo;
			};
			name = Debug;
		};
		6535C2BE24B33FA90038B6D6 /* Release */ = {
			isa = XCBuildConfiguration;
			baseConfigurationReference = B0D396301AE40BE7CF40E60D /* Pods-CPDemo-CPDemoUITests.release.xcconfig */;
			buildSettings = {
				CODE_SIGN_STYLE = Automatic;
				INFOPLIST_FILE = CPDemoUITests/Info.plist;
				LD_RUNPATH_SEARCH_PATHS = (
					"$(inherited)",
					"@executable_path/Frameworks",
					"@loader_path/Frameworks",
				);
				PRODUCT_BUNDLE_IDENTIFIER = "-.CPDemoUITests";
				PRODUCT_NAME = "$(TARGET_NAME)";
				TARGETED_DEVICE_FAMILY = "1,2";
				TEST_TARGET_NAME = CPDemo;
			};
			name = Release;
		};
/* End XCBuildConfiguration section */

/* Begin XCConfigurationList section */
		6535C28224B33FA60038B6D6 /* Build configuration list for PBXProject "CPDemo" */ = {
			isa = XCConfigurationList;
			buildConfigurations = (
				6535C2B424B33FA90038B6D6 /* Debug */,
				6535C2B524B33FA90038B6D6 /* Release */,
			);
			defaultConfigurationIsVisible = 0;
			defaultConfigurationName = Release;
		};
		6535C2B624B33FA90038B6D6 /* Build configuration list for PBXNativeTarget "CPDemo" */ = {
			isa = XCConfigurationList;
			buildConfigurations = (
				6535C2B724B33FA90038B6D6 /* Debug */,
				6535C2B824B33FA90038B6D6 /* Release */,
			);
			defaultConfigurationIsVisible = 0;
			defaultConfigurationName = Release;
		};
		6535C2B924B33FA90038B6D6 /* Build configuration list for PBXNativeTarget "CPDemoTests" */ = {
			isa = XCConfigurationList;
			buildConfigurations = (
				6535C2BA24B33FA90038B6D6 /* Debug */,
				6535C2BB24B33FA90038B6D6 /* Release */,
			);
			defaultConfigurationIsVisible = 0;
			defaultConfigurationName = Release;
		};
		6535C2BC24B33FA90038B6D6 /* Build configuration list for PBXNativeTarget "CPDemoUITests" */ = {
			isa = XCConfigurationList;
			buildConfigurations = (
				6535C2BD24B33FA90038B6D6 /* Debug */,
				6535C2BE24B33FA90038B6D6 /* Release */,
			);
			defaultConfigurationIsVisible = 0;
			defaultConfigurationName = Release;
		};
/* End XCConfigurationList section */
	};
	rootObject = 6535C27F24B33FA60038B6D6 /* Project object */;
}
